<?xml version="1.0" encoding="utf-8"?>
<Project ToolsVersion="4.0" xmlns="http://schemas.microsoft.com/developer/msbuild/2003">
  <ItemGroup>
    <Filter Include="from25600">
      <UniqueIdentifier>{0de35f83-fd06-4793-8599-12e4adff236a}</UniqueIdentifier>
    </Filter>
    <Filter Include="from9100">
      <UniqueIdentifier>{b538a53a-7bfd-4b1d-aa7a-001258b6b803}</UniqueIdentifier>
    </Filter>
    <Filter Include="from28300">
      <UniqueIdentifier>{0be406f8-255c-4fb5-939b-6fca82b125e4}</UniqueIdentifier>
    </Filter>
    <Filter Include="from24300">
      <UniqueIdentifier>{853b8643-1776-4c32-98f8-008e7891c6f9}</UniqueIdentifier>
    </Filter>
    <Filter Include="from11500">
      <UniqueIdentifier>{a5de2d8e-8818-4f5c-ab82-79db45a579ff}</UniqueIdentifier>
    </Filter>
    <Filter Include="from2500">
      <UniqueIdentifier>{5b79802e-cf90-4f33-95db-bec80e19c573}</UniqueIdentifier>
    </Filter>
    <Filter Include="from25300">
      <UniqueIdentifier>{46fd19bf-ce63-47da-9eea-d493bc5fe6f5}</UniqueIdentifier>
    </Filter>
    <Filter Include="from1600">
      <UniqueIdentifier>{da1bde66-83e4-4e21-b5ac-d5f160fb2b76}</UniqueIdentifier>
    </Filter>
    <Filter Include="from11400">
      <UniqueIdentifier>{79c8b27e-98b5-4531-9c4c-dc037bb01565}</UniqueIdentifier>
    </Filter>
  </ItemGroup>
  <ItemGroup>
    <ClCompile Include="BOJ25628.cpp">
      <Filter>from25600</Filter>
    </ClCompile>
    <ClCompile Include="BOJ9151.cpp">
      <Filter>from9100</Filter>
    </ClCompile>
    <ClCompile Include="BOJ28352.cpp">
      <Filter>from28300</Filter>
    </ClCompile>
    <ClCompile Include="BOJ24313.cpp">
      <Filter>from24300</Filter>
    </ClCompile>
    <ClCompile Include="BOJ11586.cpp">
      <Filter>from11500</Filter>
    </ClCompile>
    <ClCompile Include="BOJ2587.cpp">
      <Filter>from2500</Filter>
    </ClCompile>
    <ClCompile Include="from25300\BOJ25305.cpp">
      <Filter>from25300</Filter>
    </ClCompile>
    <ClCompile Include="from1600\BOJ1620.cpp">
      <Filter>from1600</Filter>
    </ClCompile>
    <ClCompile Include="from11400\BOJ11478.cpp">
      <Filter>from11400</Filter>
    </ClCompile>
  </ItemGroup>
</Project>